{
  "version": 4,
  "terraform_version": "1.0.9",
  "serial": 37,
  "lineage": "a9c2a8f0-2b2f-1e4a-8e82-dba6598a6edd",
  "outputs": {},
  "resources": [
    {
      "mode": "managed",
      "type": "azurerm_application_insights",
      "name": "main",
      "provider": "provider[\"registry.terraform.io/hashicorp/azurerm\"]",
      "instances": [
        {
          "schema_version": 1,
          "attributes": {
            "app_id": "f41c943b-04ab-4f45-afab-04a0d7a7b0d7",
            "application_type": "web",
            "connection_string": "InstrumentationKey=683d6143-1c04-449c-b4dc-32cf613c5c36;IngestionEndpoint=https://westeurope-3.in.applicationinsights.azure.com/;LiveEndpoint=https://westeurope.livediagnostics.monitor.azure.com/",
            "daily_data_cap_in_gb": 100,
            "daily_data_cap_notifications_disabled": false,
            "disable_ip_masking": false,
            "force_customer_storage_for_profiler": false,
            "id": "/subscriptions/75a5633d-354d-43a2-9d21-1828521fd1e6/resourceGroups/rg-pgg-telcomapp-st01/providers/Microsoft.Insights/components/appi-func-telcomapp",
            "instrumentation_key": "683d6143-1c04-449c-b4dc-32cf613c5c36",
            "internet_ingestion_enabled": true,
            "internet_query_enabled": true,
            "local_authentication_disabled": false,
            "location": "westeurope",
            "name": "appi-func-telcomapp",
            "resource_group_name": "rg-pgg-telcomapp-st01",
            "retention_in_days": 90,
            "sampling_percentage": 100,
            "tags": {},
            "timeouts": null,
            "workspace_id": null
          },
          "sensitive_attributes": [],
          "private": "eyJlMmJmYjczMC1lY2FhLTExZTYtOGY4OC0zNDM2M2JjN2M0YzAiOnsiY3JlYXRlIjozNjAwMDAwMDAwMDAwLCJkZWxldGUiOjE4MDAwMDAwMDAwMDAsInJlYWQiOjMwMDAwMDAwMDAwMCwidXBkYXRlIjoxODAwMDAwMDAwMDAwfSwic2NoZW1hX3ZlcnNpb24iOiIxIn0=",
          "dependencies": [
            "azurerm_resource_group.main"
          ]
        }
      ]
    },
    {
      "mode": "managed",
      "type": "azurerm_cognitive_account",
      "name": "speech_services",
      "provider": "provider[\"registry.terraform.io/hashicorp/azurerm\"]",
      "instances": [
        {
          "schema_version": 0,
          "attributes": {
            "custom_question_answering_search_service_id": null,
            "custom_question_answering_search_service_key": null,
            "custom_subdomain_name": "",
            "endpoint": "https://westeurope.api.cognitive.microsoft.com/sts/v1.0/issuetoken",
            "fqdns": [],
            "id": "/subscriptions/75a5633d-354d-43a2-9d21-1828521fd1e6/resourceGroups/rg-pgg-telcomapp-st01/providers/Microsoft.CognitiveServices/accounts/cog-speechservice",
            "identity": [],
            "kind": "SpeechServices",
            "local_auth_enabled": true,
            "location": "westeurope",
            "metrics_advisor_aad_client_id": null,
            "metrics_advisor_aad_tenant_id": null,
            "metrics_advisor_super_user_name": null,
            "metrics_advisor_website_name": null,
            "name": "cog-speechservice",
            "network_acls": [],
            "outbound_network_access_restricted": false,
            "primary_access_key": "54f49275ebc64be894c9c0fd36e6230c",
            "public_network_access_enabled": true,
            "qna_runtime_endpoint": null,
            "resource_group_name": "rg-pgg-telcomapp-st01",
            "secondary_access_key": "dce2e14314f34979949592637bcc53bd",
            "sku_name": "S0",
            "storage": [],
            "tags": {},
            "timeouts": null
          },
          "sensitive_attributes": [],
          "private": "eyJlMmJmYjczMC1lY2FhLTExZTYtOGY4OC0zNDM2M2JjN2M0YzAiOnsiY3JlYXRlIjoxODAwMDAwMDAwMDAwLCJkZWxldGUiOjE4MDAwMDAwMDAwMDAsInJlYWQiOjMwMDAwMDAwMDAwMCwidXBkYXRlIjoxODAwMDAwMDAwMDAwfX0=",
          "dependencies": [
            "azurerm_resource_group.main"
          ]
        }
      ]
    },
    {
      "mode": "managed",
      "type": "azurerm_log_analytics_workspace",
      "name": "main",
      "provider": "provider[\"registry.terraform.io/hashicorp/azurerm\"]",
      "instances": [
        {
          "schema_version": 2,
          "attributes": {
            "cmk_for_query_forced": false,
            "daily_quota_gb": -1,
            "id": "/subscriptions/75a5633d-354d-43a2-9d21-1828521fd1e6/resourceGroups/rg-pgg-telcomapp-st01/providers/Microsoft.OperationalInsights/workspaces/log-telcomapp",
            "internet_ingestion_enabled": true,
            "internet_query_enabled": true,
            "location": "westeurope",
            "name": "log-telcomapp",
            "primary_shared_key": "rdEiniKjoBRJcDSi1nSi8F2t8LJjaY16gRDCFfAq1lVA7auaJsQ/oK0ndjx5rZo6a43WYoscIBv+8+VQYyzgdw==",
            "reservation_capacity_in_gb_per_day": null,
            "resource_group_name": "rg-pgg-telcomapp-st01",
            "retention_in_days": 30,
            "secondary_shared_key": "PxGW9/VwQor/AED9Q7q6JX9j3lDFBO/Xk33u4T7HN5W0d+2bGiBPZ/lt1U4R6j86sWwj4UxwyfLKAWXT4rx1iA==",
            "sku": "PerGB2018",
            "tags": {},
            "timeouts": null,
            "workspace_id": "91e3d20d-ec89-4e41-b3fc-cf16996ff25c"
          },
          "sensitive_attributes": [],
          "private": "eyJlMmJmYjczMC1lY2FhLTExZTYtOGY4OC0zNDM2M2JjN2M0YzAiOnsiY3JlYXRlIjoxODAwMDAwMDAwMDAwLCJkZWxldGUiOjE4MDAwMDAwMDAwMDAsInJlYWQiOjMwMDAwMDAwMDAwMCwidXBkYXRlIjoxODAwMDAwMDAwMDAwfSwic2NoZW1hX3ZlcnNpb24iOiIyIn0=",
          "dependencies": [
            "azurerm_resource_group.main"
          ]
        }
      ]
    },
    {
      "mode": "managed",
      "type": "azurerm_logic_app_workflow",
      "name": "example",
      "provider": "provider[\"registry.terraform.io/hashicorp/azurerm\"]",
      "instances": [
        {
          "schema_version": 0,
          "attributes": {
            "access_control": [],
            "access_endpoint": "https://prod-125.westeurope.logic.azure.com:443/workflows/7867cc0810f645c3a4366a4a92200b21",
            "connector_endpoint_ip_addresses": [],
            "connector_outbound_ip_addresses": [
              "52.174.88.118",
              "40.91.208.65",
              "13.69.64.208/28",
              "13.69.71.192/27",
              "13.93.36.78",
              "20.86.93.32/27",
              "20.86.93.64/28",
              "20.126.243.151",
              "20.126.241.238",
              "20.103.132.139",
              "20.103.131.1"
            ],
            "enabled": true,
            "id": "/subscriptions/75a5633d-354d-43a2-9d21-1828521fd1e6/resourceGroups/rg-pgg-telcomapp-st01/providers/Microsoft.Logic/workflows/logic-telcomapp",
            "identity": [],
            "integration_service_environment_id": "",
            "location": "westeurope",
            "logic_app_integration_account_id": "",
            "name": "logic-telcomapp",
            "parameters": null,
            "resource_group_name": "rg-pgg-telcomapp-st01",
            "tags": {},
            "timeouts": null,
            "workflow_endpoint_ip_addresses": [
              "13.95.155.53",
              "52.174.54.218",
              "52.174.49.6",
              "20.103.21.113",
              "20.103.18.84",
              "20.103.57.210",
              "20.101.174.52",
              "20.93.236.81",
              "20.103.94.255",
              "20.82.87.229",
              "20.76.171.34",
              "20.103.84.61"
            ],
            "workflow_outbound_ip_addresses": [
              "40.68.222.65",
              "40.68.209.23",
              "13.95.147.65",
              "23.97.218.130",
              "51.144.182.201",
              "23.97.211.179",
              "104.45.9.52",
              "23.97.210.126",
              "13.69.71.160",
              "13.69.71.161",
              "13.69.71.162",
              "13.69.71.163",
              "13.69.71.164",
              "13.69.71.165",
              "13.69.71.166",
              "13.69.71.167",
              "20.103.21.81",
              "20.103.17.247",
              "20.103.17.223",
              "20.103.16.47",
              "20.103.58.116",
              "20.103.57.29",
              "20.101.174.49",
              "20.101.174.23",
              "20.93.236.26",
              "20.93.235.107",
              "20.103.94.250",
              "20.76.174.72",
              "20.82.87.192",
              "20.82.87.16",
              "20.76.170.145",
              "20.103.91.39",
              "20.103.84.41",
              "20.76.161.156"
            ],
            "workflow_parameters": null,
            "workflow_schema": "https://schema.management.azure.com/providers/Microsoft.Logic/schemas/2016-06-01/workflowdefinition.json#",
            "workflow_version": "1.0.0.0"
          },
          "sensitive_attributes": [],
          "private": "eyJlMmJmYjczMC1lY2FhLTExZTYtOGY4OC0zNDM2M2JjN2M0YzAiOnsiY3JlYXRlIjoxODAwMDAwMDAwMDAwLCJkZWxldGUiOjE4MDAwMDAwMDAwMDAsInJlYWQiOjMwMDAwMDAwMDAwMCwidXBkYXRlIjoxODAwMDAwMDAwMDAwfX0=",
          "dependencies": [
            "azurerm_resource_group.main"
          ]
        }
      ]
    },
    {
      "mode": "managed",
      "type": "azurerm_resource_group",
      "name": "main",
      "provider": "provider[\"registry.terraform.io/hashicorp/azurerm\"]",
      "instances": [
        {
          "schema_version": 0,
          "attributes": {
            "id": "/subscriptions/75a5633d-354d-43a2-9d21-1828521fd1e6/resourceGroups/rg-pgg-telcomapp-st01",
            "location": "westeurope",
            "name": "rg-pgg-telcomapp-st01",
            "tags": {},
            "timeouts": null
          },
          "sensitive_attributes": [],
          "private": "eyJlMmJmYjczMC1lY2FhLTExZTYtOGY4OC0zNDM2M2JjN2M0YzAiOnsiY3JlYXRlIjo1NDAwMDAwMDAwMDAwLCJkZWxldGUiOjU0MDAwMDAwMDAwMDAsInJlYWQiOjMwMDAwMDAwMDAwMCwidXBkYXRlIjo1NDAwMDAwMDAwMDAwfX0="
        }
      ]
    },
    {
      "mode": "managed",
      "type": "azurerm_storage_account",
      "name": "function",
      "provider": "provider[\"registry.terraform.io/hashicorp/azurerm\"]",
      "instances": [
        {
          "schema_version": 3,
          "attributes": {
            "access_tier": "Hot",
            "account_kind": "StorageV2",
            "account_replication_type": "LRS",
            "account_tier": "Standard",
            "allow_nested_items_to_be_public": true,
            "azure_files_authentication": [],
            "blob_properties": [
              {
                "change_feed_enabled": false,
                "change_feed_retention_in_days": 0,
                "container_delete_retention_policy": [],
                "cors_rule": [],
                "default_service_version": "",
                "delete_retention_policy": [],
                "last_access_time_enabled": false,
                "versioning_enabled": false
              }
            ],
            "cross_tenant_replication_enabled": true,
            "custom_domain": [],
            "customer_managed_key": [],
            "default_to_oauth_authentication": false,
            "edge_zone": "",
            "enable_https_traffic_only": true,
            "id": "/subscriptions/75a5633d-354d-43a2-9d21-1828521fd1e6/resourceGroups/rg-pgg-telcomapp-st01/providers/Microsoft.Storage/storageAccounts/safunctionappst01",
            "identity": [],
            "infrastructure_encryption_enabled": false,
            "is_hns_enabled": false,
            "large_file_share_enabled": null,
            "location": "westeurope",
            "min_tls_version": "TLS1_2",
            "name": "safunctionappst01",
            "network_rules": [
              {
                "bypass": [
                  "AzureServices"
                ],
                "default_action": "Allow",
                "ip_rules": [],
                "private_link_access": [],
                "virtual_network_subnet_ids": []
              }
            ],
            "nfsv3_enabled": false,
            "primary_access_key": "fTRAvtM72dChahRIjvcYGbin+49EQpYsoqpeYCSdiL/PI5NLVq2XZsRf+zjqolUD6jVuGJcWPyu0+AStQbnGtQ==",
            "primary_blob_connection_string": "DefaultEndpointsProtocol=https;BlobEndpoint=https://safunctionappst01.blob.core.windows.net/;AccountName=safunctionappst01;AccountKey=fTRAvtM72dChahRIjvcYGbin+49EQpYsoqpeYCSdiL/PI5NLVq2XZsRf+zjqolUD6jVuGJcWPyu0+AStQbnGtQ==",
            "primary_blob_endpoint": "https://safunctionappst01.blob.core.windows.net/",
            "primary_blob_host": "safunctionappst01.blob.core.windows.net",
            "primary_connection_string": "DefaultEndpointsProtocol=https;AccountName=safunctionappst01;AccountKey=fTRAvtM72dChahRIjvcYGbin+49EQpYsoqpeYCSdiL/PI5NLVq2XZsRf+zjqolUD6jVuGJcWPyu0+AStQbnGtQ==;EndpointSuffix=core.windows.net",
            "primary_dfs_endpoint": "https://safunctionappst01.dfs.core.windows.net/",
            "primary_dfs_host": "safunctionappst01.dfs.core.windows.net",
            "primary_file_endpoint": "https://safunctionappst01.file.core.windows.net/",
            "primary_file_host": "safunctionappst01.file.core.windows.net",
            "primary_location": "westeurope",
            "primary_queue_endpoint": "https://safunctionappst01.queue.core.windows.net/",
            "primary_queue_host": "safunctionappst01.queue.core.windows.net",
            "primary_table_endpoint": "https://safunctionappst01.table.core.windows.net/",
            "primary_table_host": "safunctionappst01.table.core.windows.net",
            "primary_web_endpoint": "https://safunctionappst01.z6.web.core.windows.net/",
            "primary_web_host": "safunctionappst01.z6.web.core.windows.net",
            "queue_encryption_key_type": "Service",
            "queue_properties": [
              {
                "cors_rule": [],
                "hour_metrics": [
                  {
                    "enabled": true,
                    "include_apis": true,
                    "retention_policy_days": 7,
                    "version": "1.0"
                  }
                ],
                "logging": [
                  {
                    "delete": false,
                    "read": false,
                    "retention_policy_days": 0,
                    "version": "1.0",
                    "write": false
                  }
                ],
                "minute_metrics": [
                  {
                    "enabled": false,
                    "include_apis": false,
                    "retention_policy_days": 0,
                    "version": "1.0"
                  }
                ]
              }
            ],
            "resource_group_name": "rg-pgg-telcomapp-st01",
            "routing": [],
            "secondary_access_key": "xAvDNr6pcROvrvsEcSVa72Dr19XlwDfhAQpY21Vpd1ZOCeu+pkx7XjDQdwOr0GB263AMiNCSYNw4+AStZzjzFQ==",
            "secondary_blob_connection_string": "",
            "secondary_blob_endpoint": null,
            "secondary_blob_host": null,
            "secondary_connection_string": "DefaultEndpointsProtocol=https;AccountName=safunctionappst01;AccountKey=xAvDNr6pcROvrvsEcSVa72Dr19XlwDfhAQpY21Vpd1ZOCeu+pkx7XjDQdwOr0GB263AMiNCSYNw4+AStZzjzFQ==;EndpointSuffix=core.windows.net",
            "secondary_dfs_endpoint": null,
            "secondary_dfs_host": null,
            "secondary_file_endpoint": null,
            "secondary_file_host": null,
            "secondary_location": "",
            "secondary_queue_endpoint": null,
            "secondary_queue_host": null,
            "secondary_table_endpoint": null,
            "secondary_table_host": null,
            "secondary_web_endpoint": null,
            "secondary_web_host": null,
            "share_properties": [
              {
                "cors_rule": [],
                "retention_policy": [
                  {
                    "days": 7
                  }
                ],
                "smb": []
              }
            ],
            "shared_access_key_enabled": true,
            "static_website": [],
            "table_encryption_key_type": "Service",
            "tags": {},
            "timeouts": null
          },
          "sensitive_attributes": [],
          "private": "eyJlMmJmYjczMC1lY2FhLTExZTYtOGY4OC0zNDM2M2JjN2M0YzAiOnsiY3JlYXRlIjozNjAwMDAwMDAwMDAwLCJkZWxldGUiOjM2MDAwMDAwMDAwMDAsInJlYWQiOjMwMDAwMDAwMDAwMCwidXBkYXRlIjozNjAwMDAwMDAwMDAwfSwic2NoZW1hX3ZlcnNpb24iOiIzIn0=",
          "dependencies": [
            "azurerm_resource_group.main"
          ]
        }
      ]
    },
    {
      "mode": "managed",
      "type": "azurerm_storage_account",
      "name": "main",
      "provider": "provider[\"registry.terraform.io/hashicorp/azurerm\"]",
      "instances": [
        {
          "schema_version": 3,
          "attributes": {
            "access_tier": "Hot",
            "account_kind": "StorageV2",
            "account_replication_type": "LRS",
            "account_tier": "Standard",
            "allow_nested_items_to_be_public": true,
            "azure_files_authentication": [],
            "blob_properties": [
              {
                "change_feed_enabled": false,
                "change_feed_retention_in_days": 0,
                "container_delete_retention_policy": [],
                "cors_rule": [],
                "default_service_version": "",
                "delete_retention_policy": [],
                "last_access_time_enabled": false,
                "versioning_enabled": false
              }
            ],
            "cross_tenant_replication_enabled": true,
            "custom_domain": [],
            "customer_managed_key": [],
            "default_to_oauth_authentication": false,
            "edge_zone": "",
            "enable_https_traffic_only": true,
            "id": "/subscriptions/75a5633d-354d-43a2-9d21-1828521fd1e6/resourceGroups/rg-pgg-telcomapp-st01/providers/Microsoft.Storage/storageAccounts/sapggtelcomappst01",
            "identity": [],
            "infrastructure_encryption_enabled": false,
            "is_hns_enabled": false,
            "large_file_share_enabled": null,
            "location": "westeurope",
            "min_tls_version": "TLS1_2",
            "name": "sapggtelcomappst01",
            "network_rules": [
              {
                "bypass": [
                  "AzureServices"
                ],
                "default_action": "Allow",
                "ip_rules": [],
                "private_link_access": [],
                "virtual_network_subnet_ids": []
              }
            ],
            "nfsv3_enabled": false,
            "primary_access_key": "bLge4WlYsO/55VY5+bPQAqX8Y/essgvcIv+ieDRYVEPXMZJY1Y/vgRuzFufaOVvV2ovRyV9Ju8Zr+AStYiq7yA==",
            "primary_blob_connection_string": "DefaultEndpointsProtocol=https;BlobEndpoint=https://sapggtelcomappst01.blob.core.windows.net/;AccountName=sapggtelcomappst01;AccountKey=bLge4WlYsO/55VY5+bPQAqX8Y/essgvcIv+ieDRYVEPXMZJY1Y/vgRuzFufaOVvV2ovRyV9Ju8Zr+AStYiq7yA==",
            "primary_blob_endpoint": "https://sapggtelcomappst01.blob.core.windows.net/",
            "primary_blob_host": "sapggtelcomappst01.blob.core.windows.net",
            "primary_connection_string": "DefaultEndpointsProtocol=https;AccountName=sapggtelcomappst01;AccountKey=bLge4WlYsO/55VY5+bPQAqX8Y/essgvcIv+ieDRYVEPXMZJY1Y/vgRuzFufaOVvV2ovRyV9Ju8Zr+AStYiq7yA==;EndpointSuffix=core.windows.net",
            "primary_dfs_endpoint": "https://sapggtelcomappst01.dfs.core.windows.net/",
            "primary_dfs_host": "sapggtelcomappst01.dfs.core.windows.net",
            "primary_file_endpoint": "https://sapggtelcomappst01.file.core.windows.net/",
            "primary_file_host": "sapggtelcomappst01.file.core.windows.net",
            "primary_location": "westeurope",
            "primary_queue_endpoint": "https://sapggtelcomappst01.queue.core.windows.net/",
            "primary_queue_host": "sapggtelcomappst01.queue.core.windows.net",
            "primary_table_endpoint": "https://sapggtelcomappst01.table.core.windows.net/",
            "primary_table_host": "sapggtelcomappst01.table.core.windows.net",
            "primary_web_endpoint": "https://sapggtelcomappst01.z6.web.core.windows.net/",
            "primary_web_host": "sapggtelcomappst01.z6.web.core.windows.net",
            "queue_encryption_key_type": "Service",
            "queue_properties": [
              {
                "cors_rule": [],
                "hour_metrics": [
                  {
                    "enabled": true,
                    "include_apis": true,
                    "retention_policy_days": 7,
                    "version": "1.0"
                  }
                ],
                "logging": [
                  {
                    "delete": false,
                    "read": false,
                    "retention_policy_days": 0,
                    "version": "1.0",
                    "write": false
                  }
                ],
                "minute_metrics": [
                  {
                    "enabled": false,
                    "include_apis": false,
                    "retention_policy_days": 0,
                    "version": "1.0"
                  }
                ]
              }
            ],
            "resource_group_name": "rg-pgg-telcomapp-st01",
            "routing": [],
            "secondary_access_key": "ZIrieIaKQzZ+eZ6Y2N8Z9rE+MO/P5u+a0ZZ3w/IO1m2xCYR4Nq23zehku9avSO6o9QlVYQjhD1Lh+AStW0aUCA==",
            "secondary_blob_connection_string": "",
            "secondary_blob_endpoint": null,
            "secondary_blob_host": null,
            "secondary_connection_string": "DefaultEndpointsProtocol=https;AccountName=sapggtelcomappst01;AccountKey=ZIrieIaKQzZ+eZ6Y2N8Z9rE+MO/P5u+a0ZZ3w/IO1m2xCYR4Nq23zehku9avSO6o9QlVYQjhD1Lh+AStW0aUCA==;EndpointSuffix=core.windows.net",
            "secondary_dfs_endpoint": null,
            "secondary_dfs_host": null,
            "secondary_file_endpoint": null,
            "secondary_file_host": null,
            "secondary_location": "",
            "secondary_queue_endpoint": null,
            "secondary_queue_host": null,
            "secondary_table_endpoint": null,
            "secondary_table_host": null,
            "secondary_web_endpoint": null,
            "secondary_web_host": null,
            "share_properties": [
              {
                "cors_rule": [],
                "retention_policy": [
                  {
                    "days": 7
                  }
                ],
                "smb": []
              }
            ],
            "shared_access_key_enabled": true,
            "static_website": [],
            "table_encryption_key_type": "Service",
            "tags": {},
            "timeouts": null
          },
          "sensitive_attributes": [],
          "private": "eyJlMmJmYjczMC1lY2FhLTExZTYtOGY4OC0zNDM2M2JjN2M0YzAiOnsiY3JlYXRlIjozNjAwMDAwMDAwMDAwLCJkZWxldGUiOjM2MDAwMDAwMDAwMDAsInJlYWQiOjMwMDAwMDAwMDAwMCwidXBkYXRlIjozNjAwMDAwMDAwMDAwfSwic2NoZW1hX3ZlcnNpb24iOiIzIn0=",
          "dependencies": [
            "azurerm_resource_group.main"
          ]
        }
      ]
    },
    {
      "mode": "managed",
      "type": "azurerm_storage_container",
      "name": "media",
      "provider": "provider[\"registry.terraform.io/hashicorp/azurerm\"]",
      "instances": [
        {
          "schema_version": 1,
          "attributes": {
            "container_access_type": "private",
            "has_immutability_policy": false,
            "has_legal_hold": false,
            "id": "https://sapggtelcomappst01.blob.core.windows.net/audio",
            "metadata": {},
            "name": "audio",
            "resource_manager_id": "/subscriptions/75a5633d-354d-43a2-9d21-1828521fd1e6/resourceGroups/rg-pgg-telcomapp-st01/providers/Microsoft.Storage/storageAccounts/sapggtelcomappst01/blobServices/default/containers/audio",
            "storage_account_name": "sapggtelcomappst01",
            "timeouts": null
          },
          "sensitive_attributes": [],
          "private": "eyJlMmJmYjczMC1lY2FhLTExZTYtOGY4OC0zNDM2M2JjN2M0YzAiOnsiY3JlYXRlIjoxODAwMDAwMDAwMDAwLCJkZWxldGUiOjE4MDAwMDAwMDAwMDAsInJlYWQiOjMwMDAwMDAwMDAwMCwidXBkYXRlIjoxODAwMDAwMDAwMDAwfSwic2NoZW1hX3ZlcnNpb24iOiIxIn0=",
          "dependencies": [
            "azurerm_resource_group.main",
            "azurerm_storage_account.main"
          ]
        }
      ]
    },
    {
      "mode": "managed",
      "type": "azurerm_storage_container",
      "name": "txtfiles",
      "provider": "provider[\"registry.terraform.io/hashicorp/azurerm\"]",
      "instances": [
        {
          "schema_version": 1,
          "attributes": {
            "container_access_type": "private",
            "has_immutability_policy": false,
            "has_legal_hold": false,
            "id": "https://sapggtelcomappst01.blob.core.windows.net/txtfiles",
            "metadata": {},
            "name": "txtfiles",
            "resource_manager_id": "/subscriptions/75a5633d-354d-43a2-9d21-1828521fd1e6/resourceGroups/rg-pgg-telcomapp-st01/providers/Microsoft.Storage/storageAccounts/sapggtelcomappst01/blobServices/default/containers/txtfiles",
            "storage_account_name": "sapggtelcomappst01",
            "timeouts": null
          },
          "sensitive_attributes": [],
          "private": "eyJlMmJmYjczMC1lY2FhLTExZTYtOGY4OC0zNDM2M2JjN2M0YzAiOnsiY3JlYXRlIjoxODAwMDAwMDAwMDAwLCJkZWxldGUiOjE4MDAwMDAwMDAwMDAsInJlYWQiOjMwMDAwMDAwMDAwMCwidXBkYXRlIjoxODAwMDAwMDAwMDAwfSwic2NoZW1hX3ZlcnNpb24iOiIxIn0=",
          "dependencies": [
            "azurerm_resource_group.main",
            "azurerm_storage_account.main"
          ]
        }
      ]
    }
  ]
}
